
Microsoft Visual Studio Solution File, Format Version 12.00
# Visual Studio Version 17
VisualStudioVersion = 17.2.32630.192
MinimumVisualStudioVersion = 10.0.40219.1
Project("{FAE04EC0-301F-11D3-BF4B-00C04F79EFBC}") = "Digital Clock", "Digital Clock.csproj", "{AFF15B22-2A3E-44DA-973B-94B16AE94E71}"
EndProject
Global
	GlobalSection(SolutionConfigurationPlatforms) = preSolution
		Debug|Any CPU = Debug|Any CPU
		Release|Any CPU = Release|Any CPU
	EndGlobalSection
	GlobalSection(ProjectConfigurationPlatforms) = postSolution
		{AFF15B22-2A3E-44DA-973B-94B16AE94E71}.Debug|Any CPU.ActiveCfg = Debug|Any CPU
		{AFF15B22-2A3E-44DA-973B-94B16AE94E71}.Debug|Any CPU.Build.0 = Debug|Any CPU
		{AFF15B22-2A3E-44DA-973B-94B16AE94E71}.Release|Any CPU.ActiveCfg = Release|Any CPU
		{AFF15B22-2A3E-44DA-973B-94B16AE94E71}.Release|Any CPU.Build.0 = Release|Any CPU
	EndGlobalSection
	GlobalSection(SolutionProperties) = preSolution
		HideSolutionNode = FALSE
	EndGlobalSection
	GlobalSection(ExtensibilityGlobals) = postSolution
		SolutionGuid = {8FB4B364-B98A-4B2A-87F8-C4D36D66A6B2}
	EndGlobalSection
EndGlobal
